
Microsoft Visual Studio Solution File, Format Version 12.00
# Visual Studio Version 16
VisualStudioVersion = 16.0.31624.102
MinimumVisualStudioVersion = 10.0.40219.1
Project("{FAE04EC0-301F-11D3-BF4B-00C04F79EFBC}") = "ORMPrac1", "ORMPrac1.csproj", "{AB3E7E33-6A85-41AE-8A65-72869C2E4999}"
EndProject
Global
	GlobalSection(SolutionConfigurationPlatforms) = preSolution
		Debug|Any CPU = Debug|Any CPU
		Release|Any CPU = Release|Any CPU
	EndGlobalSection
	GlobalSection(ProjectConfigurationPlatforms) = postSolution
		{AB3E7E33-6A85-41AE-8A65-72869C2E4999}.Debug|Any CPU.ActiveCfg = Debug|Any CPU
		{AB3E7E33-6A85-41AE-8A65-72869C2E4999}.Debug|Any CPU.Build.0 = Debug|Any CPU
		{AB3E7E33-6A85-41AE-8A65-72869C2E4999}.Release|Any CPU.ActiveCfg = Release|Any CPU
		{AB3E7E33-6A85-41AE-8A65-72869C2E4999}.Release|Any CPU.Build.0 = Release|Any CPU
	EndGlobalSection
	GlobalSection(SolutionProperties) = preSolution
		HideSolutionNode = FALSE
	EndGlobalSection
	GlobalSection(ExtensibilityGlobals) = postSolution
		SolutionGuid = {A666739E-0A36-442A-8CA8-41A9B48C562F}
	EndGlobalSection
EndGlobal
